
Microsoft Visual Studio Solution File, Format Version 12.00
# Visual Studio 2017
Project("{FAE04EC0-301F-11D3-BF4B-00C04F79EFBC}") = "Transportation", "Transportation.csproj", "{E0C8E18E-7A7E-6965-2BF8-3F6B3EF22377}"
EndProject
Project("{FAE04EC0-301F-11D3-BF4B-00C04F79EFBC}") = "Transportation.Plugins", "Transportation.Plugins.csproj", "{86A8F9F6-D1E1-4238-1A51-594D4715B190}"
EndProject
Project("{FAE04EC0-301F-11D3-BF4B-00C04F79EFBC}") = "Transportation.Editor.Plugins", "Transportation.Editor.Plugins.csproj", "{9C7F16BB-382E-10DC-2CB1-26A4078E773F}"
EndProject
Project("{FAE04EC0-301F-11D3-BF4B-00C04F79EFBC}") = "Transportation.Editor", "Transportation.Editor.csproj", "{F4484C8D-E53D-5C89-F8E7-E01E4BE62C5E}"
EndProject
Global
	GlobalSection(SolutionConfigurationPlatforms) = preSolution
		Debug|Any CPU = Debug|Any CPU
		Release|Any CPU = Release|Any CPU
	EndGlobalSection
	GlobalSection(ProjectConfigurationPlatforms) = postSolution
		{E0C8E18E-7A7E-6965-2BF8-3F6B3EF22377}.Debug|Any CPU.ActiveCfg = Debug|Any CPU
		{E0C8E18E-7A7E-6965-2BF8-3F6B3EF22377}.Debug|Any CPU.Build.0 = Debug|Any CPU
		{E0C8E18E-7A7E-6965-2BF8-3F6B3EF22377}.Release|Any CPU.ActiveCfg = Release|Any CPU
		{E0C8E18E-7A7E-6965-2BF8-3F6B3EF22377}.Release|Any CPU.Build.0 = Release|Any CPU
		{86A8F9F6-D1E1-4238-1A51-594D4715B190}.Debug|Any CPU.ActiveCfg = Debug|Any CPU
		{86A8F9F6-D1E1-4238-1A51-594D4715B190}.Debug|Any CPU.Build.0 = Debug|Any CPU
		{86A8F9F6-D1E1-4238-1A51-594D4715B190}.Release|Any CPU.ActiveCfg = Release|Any CPU
		{86A8F9F6-D1E1-4238-1A51-594D4715B190}.Release|Any CPU.Build.0 = Release|Any CPU
		{9C7F16BB-382E-10DC-2CB1-26A4078E773F}.Debug|Any CPU.ActiveCfg = Debug|Any CPU
		{9C7F16BB-382E-10DC-2CB1-26A4078E773F}.Debug|Any CPU.Build.0 = Debug|Any CPU
		{9C7F16BB-382E-10DC-2CB1-26A4078E773F}.Release|Any CPU.ActiveCfg = Release|Any CPU
		{9C7F16BB-382E-10DC-2CB1-26A4078E773F}.Release|Any CPU.Build.0 = Release|Any CPU
		{F4484C8D-E53D-5C89-F8E7-E01E4BE62C5E}.Debug|Any CPU.ActiveCfg = Debug|Any CPU
		{F4484C8D-E53D-5C89-F8E7-E01E4BE62C5E}.Debug|Any CPU.Build.0 = Debug|Any CPU
		{F4484C8D-E53D-5C89-F8E7-E01E4BE62C5E}.Release|Any CPU.ActiveCfg = Release|Any CPU
		{F4484C8D-E53D-5C89-F8E7-E01E4BE62C5E}.Release|Any CPU.Build.0 = Release|Any CPU
	EndGlobalSection
	GlobalSection(SolutionProperties) = preSolution
		HideSolutionNode = FALSE
	EndGlobalSection
EndGlobal
