
Microsoft Visual Studio Solution File, Format Version 12.00
# Visual Studio for Mac
Project("{FAE04EC0-301F-11D3-BF4B-00C04F79EFBC}") = "Transportation-1", "Transportation-1.csproj", "{FA1A45B1-E4D6-FF83-FB2A-2EC70114B051}"
EndProject
Project("{FAE04EC0-301F-11D3-BF4B-00C04F79EFBC}") = "Transportation-1.Plugins", "Transportation-1.Plugins.csproj", "{1622165F-565E-9E96-EE7F-904E0EC21D55}"
EndProject
Project("{FAE04EC0-301F-11D3-BF4B-00C04F79EFBC}") = "Transportation-1.Editor.Plugins", "Transportation-1.Editor.Plugins.csproj", "{2683F15E-DB4B-B8B1-7A38-7E11AC9BBD6A}"
EndProject
Project("{FAE04EC0-301F-11D3-BF4B-00C04F79EFBC}") = "Transportation-1.Editor", "Transportation-1.Editor.csproj", "{83C3D1C9-310B-BB86-08F3-9358657357FD}"
EndProject
Global
	GlobalSection(SolutionConfigurationPlatforms) = preSolution
		Debug|Any CPU = Debug|Any CPU
		Release|Any CPU = Release|Any CPU
	EndGlobalSection
	GlobalSection(ProjectConfigurationPlatforms) = postSolution
		{FA1A45B1-E4D6-FF83-FB2A-2EC70114B051}.Debug|Any CPU.ActiveCfg = Debug|Any CPU
		{FA1A45B1-E4D6-FF83-FB2A-2EC70114B051}.Debug|Any CPU.Build.0 = Debug|Any CPU
		{FA1A45B1-E4D6-FF83-FB2A-2EC70114B051}.Release|Any CPU.ActiveCfg = Release|Any CPU
		{FA1A45B1-E4D6-FF83-FB2A-2EC70114B051}.Release|Any CPU.Build.0 = Release|Any CPU
		{1622165F-565E-9E96-EE7F-904E0EC21D55}.Debug|Any CPU.ActiveCfg = Debug|Any CPU
		{1622165F-565E-9E96-EE7F-904E0EC21D55}.Debug|Any CPU.Build.0 = Debug|Any CPU
		{1622165F-565E-9E96-EE7F-904E0EC21D55}.Release|Any CPU.ActiveCfg = Release|Any CPU
		{1622165F-565E-9E96-EE7F-904E0EC21D55}.Release|Any CPU.Build.0 = Release|Any CPU
		{2683F15E-DB4B-B8B1-7A38-7E11AC9BBD6A}.Debug|Any CPU.ActiveCfg = Debug|Any CPU
		{2683F15E-DB4B-B8B1-7A38-7E11AC9BBD6A}.Debug|Any CPU.Build.0 = Debug|Any CPU
		{2683F15E-DB4B-B8B1-7A38-7E11AC9BBD6A}.Release|Any CPU.ActiveCfg = Release|Any CPU
		{2683F15E-DB4B-B8B1-7A38-7E11AC9BBD6A}.Release|Any CPU.Build.0 = Release|Any CPU
		{83C3D1C9-310B-BB86-08F3-9358657357FD}.Debug|Any CPU.ActiveCfg = Debug|Any CPU
		{83C3D1C9-310B-BB86-08F3-9358657357FD}.Debug|Any CPU.Build.0 = Debug|Any CPU
		{83C3D1C9-310B-BB86-08F3-9358657357FD}.Release|Any CPU.ActiveCfg = Release|Any CPU
		{83C3D1C9-310B-BB86-08F3-9358657357FD}.Release|Any CPU.Build.0 = Release|Any CPU
	EndGlobalSection
	GlobalSection(SolutionProperties) = preSolution
		HideSolutionNode = FALSE
	EndGlobalSection
EndGlobal
